
Microsoft Visual Studio Solution File, Format Version 12.00
# Visual Studio Version 17
VisualStudioVersion = 17.5.002.0
MinimumVisualStudioVersion = 10.0.40219.1
Project("{2150E333-8FDC-42A3-9474-1A3956D46DE8}") = "csharp-prep", "csharp-prep", "{C0C47780-431D-4E9B-B935-C875A8FBE1E1}"
EndProject
Project("{9A19103F-16F7-4668-BE54-9A1E7A4F7556}") = "Prep1", "csharp-prep\Prep1\Prep1.csproj", "{84BD9901-C1E5-4872-860E-4A9C9101B12F}"
EndProject
Project("{9A19103F-16F7-4668-BE54-9A1E7A4F7556}") = "Prep2", "csharp-prep\Prep2\Prep2.csproj", "{48B4407C-4B4F-4C1E-A25D-31967F8F80CD}"
EndProject
Project("{9A19103F-16F7-4668-BE54-9A1E7A4F7556}") = "Prep3", "csharp-prep\Prep3\Prep3.csproj", "{2472705E-568B-4838-B290-CE453B4CCA3F}"
EndProject
Project("{9A19103F-16F7-4668-BE54-9A1E7A4F7556}") = "Prep4", "csharp-prep\Prep4\Prep4.csproj", "{60EF28E9-9E50-4748-A9B6-8A9360987B3E}"
EndProject
Project("{9A19103F-16F7-4668-BE54-9A1E7A4F7556}") = "Prep5", "csharp-prep\Prep5\Prep5.csproj", "{06FEFDE5-3380-4DBD-B0B3-5C888549306C}"
EndProject
Project("{2150E333-8FDC-42A3-9474-1A3956D46DE8}") = "final", "final", "{26D47F75-5431-4BF5-8BCA-01218DEE2A67}"
EndProject
Project("{9A19103F-16F7-4668-BE54-9A1E7A4F7556}") = "FinalProject", "final\FinalProject\FinalProject.csproj", "{07F999DC-9F51-4D48-9B55-0CADB54588D8}"
EndProject
Project("{9A19103F-16F7-4668-BE54-9A1E7A4F7556}") = "Foundation1", "final\Foundation1\Foundation1.csproj", "{DEF473C1-F391-450B-99FA-CF9515D1C7DF}"
EndProject
Project("{9A19103F-16F7-4668-BE54-9A1E7A4F7556}") = "Foundation2", "final\Foundation2\Foundation2.csproj", "{441F4961-7CDE-4393-9227-22483B25504C}"
EndProject
Project("{9A19103F-16F7-4668-BE54-9A1E7A4F7556}") = "Foundation3", "final\Foundation3\Foundation3.csproj", "{0898D64E-BF88-4F2C-8196-A2CEC03C9B45}"
EndProject
Project("{9A19103F-16F7-4668-BE54-9A1E7A4F7556}") = "Foundation4", "final\Foundation4\Foundation4.csproj", "{26E22F5E-B383-4C0B-91E3-DBDADFD662A2}"
EndProject
Project("{2150E333-8FDC-42A3-9474-1A3956D46DE8}") = "prepare", "prepare", "{9596D816-838E-413F-BB20-FA789BEB9917}"
EndProject
Project("{9A19103F-16F7-4668-BE54-9A1E7A4F7556}") = "Learning02", "prepare\Learning02\Learning02.csproj", "{350855AF-FD26-44FF-A089-5A8846846F25}"
EndProject
Project("{9A19103F-16F7-4668-BE54-9A1E7A4F7556}") = "Learning03", "prepare\Learning03\Learning03.csproj", "{2382323B-963D-4F46-A0A5-FBC1C2CA592B}"
EndProject
Project("{9A19103F-16F7-4668-BE54-9A1E7A4F7556}") = "Learning04", "prepare\Learning04\Learning04.csproj", "{C240D80F-239C-43B0-B001-BF8A6DA461EA}"
EndProject
Project("{9A19103F-16F7-4668-BE54-9A1E7A4F7556}") = "Learning05", "prepare\Learning05\Learning05.csproj", "{9B109C9B-3ABC-4F18-9965-962F46443DB0}"
EndProject
Project("{2150E333-8FDC-42A3-9474-1A3956D46DE8}") = "prove", "prove", "{41E1593E-9ED2-4FE7-AA15-C3CCB13E4710}"
EndProject
Project("{9A19103F-16F7-4668-BE54-9A1E7A4F7556}") = "Develop02", "prove\Develop02\Develop02.csproj", "{7E854355-747B-445E-A888-C517632D11E6}"
EndProject
Project("{9A19103F-16F7-4668-BE54-9A1E7A4F7556}") = "Develop03", "prove\Develop03\Develop03.csproj", "{EA87F365-5166-4B64-9A40-F94B8E210D12}"
EndProject
Project("{9A19103F-16F7-4668-BE54-9A1E7A4F7556}") = "Develop04", "prove\Develop04\Develop04.csproj", "{0AEA13A6-C58F-43FF-8E40-9B4B0C867030}"
EndProject
Project("{9A19103F-16F7-4668-BE54-9A1E7A4F7556}") = "Develop05", "prove\Develop05\Develop05.csproj", "{7EAC5253-E602-4EEF-BFAD-AC42768C67B5}"
EndProject
Project("{2150E333-8FDC-42A3-9474-1A3956D46DE8}") = "sandbox", "sandbox", "{52CA1DEB-CE41-4C93-A3F6-C9CED885067D}"
EndProject
Project("{9A19103F-16F7-4668-BE54-9A1E7A4F7556}") = "Sandbox", "sandbox\Sandbox\Sandbox.csproj", "{ABAEF21E-5AFC-4573-88A4-C67B21D854B3}"
EndProject
Global
	GlobalSection(SolutionConfigurationPlatforms) = preSolution
		Debug|Any CPU = Debug|Any CPU
		Release|Any CPU = Release|Any CPU
	EndGlobalSection
	GlobalSection(ProjectConfigurationPlatforms) = postSolution
		{84BD9901-C1E5-4872-860E-4A9C9101B12F}.Debug|Any CPU.ActiveCfg = Debug|Any CPU
		{84BD9901-C1E5-4872-860E-4A9C9101B12F}.Debug|Any CPU.Build.0 = Debug|Any CPU
		{84BD9901-C1E5-4872-860E-4A9C9101B12F}.Release|Any CPU.ActiveCfg = Release|Any CPU
		{84BD9901-C1E5-4872-860E-4A9C9101B12F}.Release|Any CPU.Build.0 = Release|Any CPU
		{48B4407C-4B4F-4C1E-A25D-31967F8F80CD}.Debug|Any CPU.ActiveCfg = Debug|Any CPU
		{48B4407C-4B4F-4C1E-A25D-31967F8F80CD}.Debug|Any CPU.Build.0 = Debug|Any CPU
		{48B4407C-4B4F-4C1E-A25D-31967F8F80CD}.Release|Any CPU.ActiveCfg = Release|Any CPU
		{48B4407C-4B4F-4C1E-A25D-31967F8F80CD}.Release|Any CPU.Build.0 = Release|Any CPU
		{2472705E-568B-4838-B290-CE453B4CCA3F}.Debug|Any CPU.ActiveCfg = Debug|Any CPU
		{2472705E-568B-4838-B290-CE453B4CCA3F}.Debug|Any CPU.Build.0 = Debug|Any CPU
		{2472705E-568B-4838-B290-CE453B4CCA3F}.Release|Any CPU.ActiveCfg = Release|Any CPU
		{2472705E-568B-4838-B290-CE453B4CCA3F}.Release|Any CPU.Build.0 = Release|Any CPU
		{60EF28E9-9E50-4748-A9B6-8A9360987B3E}.Debug|Any CPU.ActiveCfg = Debug|Any CPU
		{60EF28E9-9E50-4748-A9B6-8A9360987B3E}.Debug|Any CPU.Build.0 = Debug|Any CPU
		{60EF28E9-9E50-4748-A9B6-8A9360987B3E}.Release|Any CPU.ActiveCfg = Release|Any CPU
		{60EF28E9-9E50-4748-A9B6-8A9360987B3E}.Release|Any CPU.Build.0 = Release|Any CPU
		{06FEFDE5-3380-4DBD-B0B3-5C888549306C}.Debug|Any CPU.ActiveCfg = Debug|Any CPU
		{06FEFDE5-3380-4DBD-B0B3-5C888549306C}.Debug|Any CPU.Build.0 = Debug|Any CPU
		{06FEFDE5-3380-4DBD-B0B3-5C888549306C}.Release|Any CPU.ActiveCfg = Release|Any CPU
		{06FEFDE5-3380-4DBD-B0B3-5C888549306C}.Release|Any CPU.Build.0 = Release|Any CPU
		{07F999DC-9F51-4D48-9B55-0CADB54588D8}.Debug|Any CPU.ActiveCfg = Debug|Any CPU
		{07F999DC-9F51-4D48-9B55-0CADB54588D8}.Debug|Any CPU.Build.0 = Debug|Any CPU
		{07F999DC-9F51-4D48-9B55-0CADB54588D8}.Release|Any CPU.ActiveCfg = Release|Any CPU
		{07F999DC-9F51-4D48-9B55-0CADB54588D8}.Release|Any CPU.Build.0 = Release|Any CPU
		{DEF473C1-F391-450B-99FA-CF9515D1C7DF}.Debug|Any CPU.ActiveCfg = Debug|Any CPU
		{DEF473C1-F391-450B-99FA-CF9515D1C7DF}.Debug|Any CPU.Build.0 = Debug|Any CPU
		{DEF473C1-F391-450B-99FA-CF9515D1C7DF}.Release|Any CPU.ActiveCfg = Release|Any CPU
		{DEF473C1-F391-450B-99FA-CF9515D1C7DF}.Release|Any CPU.Build.0 = Release|Any CPU
		{441F4961-7CDE-4393-9227-22483B25504C}.Debug|Any CPU.ActiveCfg = Debug|Any CPU
		{441F4961-7CDE-4393-9227-22483B25504C}.Debug|Any CPU.Build.0 = Debug|Any CPU
		{441F4961-7CDE-4393-9227-22483B25504C}.Release|Any CPU.ActiveCfg = Release|Any CPU
		{441F4961-7CDE-4393-9227-22483B25504C}.Release|Any CPU.Build.0 = Release|Any CPU
		{0898D64E-BF88-4F2C-8196-A2CEC03C9B45}.Debug|Any CPU.ActiveCfg = Debug|Any CPU
		{0898D64E-BF88-4F2C-8196-A2CEC03C9B45}.Debug|Any CPU.Build.0 = Debug|Any CPU
		{0898D64E-BF88-4F2C-8196-A2CEC03C9B45}.Release|Any CPU.ActiveCfg = Release|Any CPU
		{0898D64E-BF88-4F2C-8196-A2CEC03C9B45}.Release|Any CPU.Build.0 = Release|Any CPU
		{26E22F5E-B383-4C0B-91E3-DBDADFD662A2}.Debug|Any CPU.ActiveCfg = Debug|Any CPU
		{26E22F5E-B383-4C0B-91E3-DBDADFD662A2}.Debug|Any CPU.Build.0 = Debug|Any CPU
		{26E22F5E-B383-4C0B-91E3-DBDADFD662A2}.Release|Any CPU.ActiveCfg = Release|Any CPU
		{26E22F5E-B383-4C0B-91E3-DBDADFD662A2}.Release|Any CPU.Build.0 = Release|Any CPU
		{350855AF-FD26-44FF-A089-5A8846846F25}.Debug|Any CPU.ActiveCfg = Debug|Any CPU
		{350855AF-FD26-44FF-A089-5A8846846F25}.Debug|Any CPU.Build.0 = Debug|Any CPU
		{350855AF-FD26-44FF-A089-5A8846846F25}.Release|Any CPU.ActiveCfg = Release|Any CPU
		{350855AF-FD26-44FF-A089-5A8846846F25}.Release|Any CPU.Build.0 = Release|Any CPU
		{2382323B-963D-4F46-A0A5-FBC1C2CA592B}.Debug|Any CPU.ActiveCfg = Debug|Any CPU
		{2382323B-963D-4F46-A0A5-FBC1C2CA592B}.Debug|Any CPU.Build.0 = Debug|Any CPU
		{2382323B-963D-4F46-A0A5-FBC1C2CA592B}.Release|Any CPU.ActiveCfg = Release|Any CPU
		{2382323B-963D-4F46-A0A5-FBC1C2CA592B}.Release|Any CPU.Build.0 = Release|Any CPU
		{C240D80F-239C-43B0-B001-BF8A6DA461EA}.Debug|Any CPU.ActiveCfg = Debug|Any CPU
		{C240D80F-239C-43B0-B001-BF8A6DA461EA}.Debug|Any CPU.Build.0 = Debug|Any CPU
		{C240D80F-239C-43B0-B001-BF8A6DA461EA}.Release|Any CPU.ActiveCfg = Release|Any CPU
		{C240D80F-239C-43B0-B001-BF8A6DA461EA}.Release|Any CPU.Build.0 = Release|Any CPU
		{9B109C9B-3ABC-4F18-9965-962F46443DB0}.Debug|Any CPU.ActiveCfg = Debug|Any CPU
		{9B109C9B-3ABC-4F18-9965-962F46443DB0}.Debug|Any CPU.Build.0 = Debug|Any CPU
		{9B109C9B-3ABC-4F18-9965-962F46443DB0}.Release|Any CPU.ActiveCfg = Release|Any CPU
		{9B109C9B-3ABC-4F18-9965-962F46443DB0}.Release|Any CPU.Build.0 = Release|Any CPU
		{7E854355-747B-445E-A888-C517632D11E6}.Debug|Any CPU.ActiveCfg = Debug|Any CPU
		{7E854355-747B-445E-A888-C517632D11E6}.Debug|Any CPU.Build.0 = Debug|Any CPU
		{7E854355-747B-445E-A888-C517632D11E6}.Release|Any CPU.ActiveCfg = Release|Any CPU
		{7E854355-747B-445E-A888-C517632D11E6}.Release|Any CPU.Build.0 = Release|Any CPU
		{EA87F365-5166-4B64-9A40-F94B8E210D12}.Debug|Any CPU.ActiveCfg = Debug|Any CPU
		{EA87F365-5166-4B64-9A40-F94B8E210D12}.Debug|Any CPU.Build.0 = Debug|Any CPU
		{EA87F365-5166-4B64-9A40-F94B8E210D12}.Release|Any CPU.ActiveCfg = Release|Any CPU
		{EA87F365-5166-4B64-9A40-F94B8E210D12}.Release|Any CPU.Build.0 = Release|Any CPU
		{0AEA13A6-C58F-43FF-8E40-9B4B0C867030}.Debug|Any CPU.ActiveCfg = Debug|Any CPU
		{0AEA13A6-C58F-43FF-8E40-9B4B0C867030}.Debug|Any CPU.Build.0 = Debug|Any CPU
		{0AEA13A6-C58F-43FF-8E40-9B4B0C867030}.Release|Any CPU.ActiveCfg = Release|Any CPU
		{0AEA13A6-C58F-43FF-8E40-9B4B0C867030}.Release|Any CPU.Build.0 = Release|Any CPU
		{7EAC5253-E602-4EEF-BFAD-AC42768C67B5}.Debug|Any CPU.ActiveCfg = Debug|Any CPU
		{7EAC5253-E602-4EEF-BFAD-AC42768C67B5}.Debug|Any CPU.Build.0 = Debug|Any CPU
		{7EAC5253-E602-4EEF-BFAD-AC42768C67B5}.Release|Any CPU.ActiveCfg = Release|Any CPU
		{7EAC5253-E602-4EEF-BFAD-AC42768C67B5}.Release|Any CPU.Build.0 = Release|Any CPU
		{ABAEF21E-5AFC-4573-88A4-C67B21D854B3}.Debug|Any CPU.ActiveCfg = Debug|Any CPU
		{ABAEF21E-5AFC-4573-88A4-C67B21D854B3}.Debug|Any CPU.Build.0 = Debug|Any CPU
		{ABAEF21E-5AFC-4573-88A4-C67B21D854B3}.Release|Any CPU.ActiveCfg = Release|Any CPU
		{ABAEF21E-5AFC-4573-88A4-C67B21D854B3}.Release|Any CPU.Build.0 = Release|Any CPU
	EndGlobalSection
	GlobalSection(SolutionProperties) = preSolution
		HideSolutionNode = FALSE
	EndGlobalSection
	GlobalSection(NestedProjects) = preSolution
		{84BD9901-C1E5-4872-860E-4A9C9101B12F} = {C0C47780-431D-4E9B-B935-C875A8FBE1E1}
		{48B4407C-4B4F-4C1E-A25D-31967F8F80CD} = {C0C47780-431D-4E9B-B935-C875A8FBE1E1}
		{2472705E-568B-4838-B290-CE453B4CCA3F} = {C0C47780-431D-4E9B-B935-C875A8FBE1E1}
		{60EF28E9-9E50-4748-A9B6-8A9360987B3E} = {C0C47780-431D-4E9B-B935-C875A8FBE1E1}
		{06FEFDE5-3380-4DBD-B0B3-5C888549306C} = {C0C47780-431D-4E9B-B935-C875A8FBE1E1}
		{07F999DC-9F51-4D48-9B55-0CADB54588D8} = {26D47F75-5431-4BF5-8BCA-01218DEE2A67}
		{DEF473C1-F391-450B-99FA-CF9515D1C7DF} = {26D47F75-5431-4BF5-8BCA-01218DEE2A67}
		{441F4961-7CDE-4393-9227-22483B25504C} = {26D47F75-5431-4BF5-8BCA-01218DEE2A67}
		{0898D64E-BF88-4F2C-8196-A2CEC03C9B45} = {26D47F75-5431-4BF5-8BCA-01218DEE2A67}
		{26E22F5E-B383-4C0B-91E3-DBDADFD662A2} = {26D47F75-5431-4BF5-8BCA-01218DEE2A67}
		{350855AF-FD26-44FF-A089-5A8846846F25} = {9596D816-838E-413F-BB20-FA789BEB9917}
		{2382323B-963D-4F46-A0A5-FBC1C2CA592B} = {9596D816-838E-413F-BB20-FA789BEB9917}
		{C240D80F-239C-43B0-B001-BF8A6DA461EA} = {9596D816-838E-413F-BB20-FA789BEB9917}
		{9B109C9B-3ABC-4F18-9965-962F46443DB0} = {9596D816-838E-413F-BB20-FA789BEB9917}
		{7E854355-747B-445E-A888-C517632D11E6} = {41E1593E-9ED2-4FE7-AA15-C3CCB13E4710}
		{EA87F365-5166-4B64-9A40-F94B8E210D12} = {41E1593E-9ED2-4FE7-AA15-C3CCB13E4710}
		{0AEA13A6-C58F-43FF-8E40-9B4B0C867030} = {41E1593E-9ED2-4FE7-AA15-C3CCB13E4710}
		{7EAC5253-E602-4EEF-BFAD-AC42768C67B5} = {41E1593E-9ED2-4FE7-AA15-C3CCB13E4710}
		{ABAEF21E-5AFC-4573-88A4-C67B21D854B3} = {52CA1DEB-CE41-4C93-A3F6-C9CED885067D}
	EndGlobalSection
	GlobalSection(ExtensibilityGlobals) = postSolution
		SolutionGuid = {5047A7E9-9AFC-4BD8-A633-66AA2253D83D}
	EndGlobalSection
EndGlobal
